{
  "version": 4,
  "terraform_version": "1.0.11",
  "serial": 24,
  "lineage": "4d946b6a-8a74-3b57-c157-5fb27ffc750e",
  "outputs": {},
  "resources": [
    {
      "mode": "managed",
      "type": "azurerm_resource_group",
      "name": "rg",
      "provider": "provider[\"registry.terraform.io/hashicorp/azurerm\"]",
      "instances": [
        {
          "index_key": 0,
          "schema_version": 0,
          "attributes": {
            "id": "/subscriptions/09cf52b0-b8db-4c31-97c5-1863ea3ca74a/resourceGroups/dev-anand-rg-eus2-01",
            "location": "eastus2",
            "name": "dev-anand-rg-eus2-01",
            "tags": {
              "environment": "dev",
              "owner": "anand"
            },
            "timeouts": null
          },
          "sensitive_attributes": [],
          "private": "eyJlMmJmYjczMC1lY2FhLTExZTYtOGY4OC0zNDM2M2JjN2M0YzAiOnsiY3JlYXRlIjo1NDAwMDAwMDAwMDAwLCJkZWxldGUiOjU0MDAwMDAwMDAwMDAsInJlYWQiOjMwMDAwMDAwMDAwMCwidXBkYXRlIjo1NDAwMDAwMDAwMDAwfX0="
        },
        {
          "index_key": 1,
          "schema_version": 0,
          "attributes": {
            "id": "/subscriptions/09cf52b0-b8db-4c31-97c5-1863ea3ca74a/resourceGroups/dev-anand-rg-eus2-02",
            "location": "eastus2",
            "name": "dev-anand-rg-eus2-02",
            "tags": {
              "environment": "dev",
              "owner": "anand"
            },
            "timeouts": null
          },
          "sensitive_attributes": [],
          "private": "eyJlMmJmYjczMC1lY2FhLTExZTYtOGY4OC0zNDM2M2JjN2M0YzAiOnsiY3JlYXRlIjo1NDAwMDAwMDAwMDAwLCJkZWxldGUiOjU0MDAwMDAwMDAwMDAsInJlYWQiOjMwMDAwMDAwMDAwMCwidXBkYXRlIjo1NDAwMDAwMDAwMDAwfX0="
        },
        {
          "index_key": 2,
          "schema_version": 0,
          "attributes": {
            "id": "/subscriptions/09cf52b0-b8db-4c31-97c5-1863ea3ca74a/resourceGroups/dev-anand-rg-eus2-03",
            "location": "eastus2",
            "name": "dev-anand-rg-eus2-03",
            "tags": {
              "environment": "dev",
              "owner": "anand"
            },
            "timeouts": null
          },
          "sensitive_attributes": [],
          "private": "eyJlMmJmYjczMC1lY2FhLTExZTYtOGY4OC0zNDM2M2JjN2M0YzAiOnsiY3JlYXRlIjo1NDAwMDAwMDAwMDAwLCJkZWxldGUiOjU0MDAwMDAwMDAwMDAsInJlYWQiOjMwMDAwMDAwMDAwMCwidXBkYXRlIjo1NDAwMDAwMDAwMDAwfX0="
        }
      ]
    }
  ]
}
